
Microsoft Visual Studio Solution File, Format Version 12.00
# Visual Studio Version 16
VisualStudioVersion = 16.0.30406.217
MinimumVisualStudioVersion = 10.0.40219.1
Project("{FAE04EC0-301F-11D3-BF4B-00C04F79EFBC}") = "Simple Pendulum 1", "Simple Pendulum 1\Simple Pendulum 1.csproj", "{A7A8B0A1-3B75-4ACC-9E68-41F3B7702238}"
EndProject
Global
	GlobalSection(SolutionConfigurationPlatforms) = preSolution
		Debug|Any CPU = Debug|Any CPU
		Release|Any CPU = Release|Any CPU
	EndGlobalSection
	GlobalSection(ProjectConfigurationPlatforms) = postSolution
		{A7A8B0A1-3B75-4ACC-9E68-41F3B7702238}.Debug|Any CPU.ActiveCfg = Debug|Any CPU
		{A7A8B0A1-3B75-4ACC-9E68-41F3B7702238}.Debug|Any CPU.Build.0 = Debug|Any CPU
		{A7A8B0A1-3B75-4ACC-9E68-41F3B7702238}.Release|Any CPU.ActiveCfg = Release|Any CPU
		{A7A8B0A1-3B75-4ACC-9E68-41F3B7702238}.Release|Any CPU.Build.0 = Release|Any CPU
	EndGlobalSection
	GlobalSection(SolutionProperties) = preSolution
		HideSolutionNode = FALSE
	EndGlobalSection
	GlobalSection(ExtensibilityGlobals) = postSolution
		SolutionGuid = {88E1748D-369C-44AD-BC1D-34C791215022}
	EndGlobalSection
EndGlobal
